{
  "name": "real_time_collab_api",
  "lockfileVersion": 3,
  "requires": true,
  "packages": {
    "": {
      "dependencies": {
        "@rails/actioncable": "^7.2.100"
      }
    },
    "node_modules/@rails/actioncable": {
      "version": "7.2.100",
      "resolved": "https://registry.npmjs.org/@rails/actioncable/-/actioncable-7.2.100.tgz",
      "integrity": "sha512-7xtIENf0Yw59AFDM3+xqxPCZxev3QVAqjPmUzmgsB9eL8S/zTpB0IU9srNc7XknzJI4e09XKNnCaJRx3gfYzXA=="
    }
  }
}
